// !$*UTF8*$!
{
	archiveVersion = 1;
	classes = {
	};
	objectVersion = 55;
	objects = {

/* Begin PBXBuildFile section */
		4B5E039E285FCC2500990531 /* Tests_iOS.swift in Sources */ = {isa = PBXBuildFile; fileRef = 4B5E039D285FCC2500990531 /* Tests_iOS.swift */; };
		4B5E03A0285FCC2500990531 /* Tests_iOSLaunchTests.swift in Sources */ = {isa = PBXBuildFile; fileRef = 4B5E039F285FCC2500990531 /* Tests_iOSLaunchTests.swift */; };
		4B5E03AA285FCC2500990531 /* Tests_macOS.swift in Sources */ = {isa = PBXBuildFile; fileRef = 4B5E03A9285FCC2500990531 /* Tests_macOS.swift */; };
		4B5E03AC285FCC2500990531 /* Tests_macOSLaunchTests.swift in Sources */ = {isa = PBXBuildFile; fileRef = 4B5E03AB285FCC2500990531 /* Tests_macOSLaunchTests.swift */; };
		4B5E03AD285FCC2500990531 /* LuckyFoolApp.swift in Sources */ = {isa = PBXBuildFile; fileRef = 4B5E0385285FCC2400990531 /* LuckyFoolApp.swift */; };
		4B5E03AE285FCC2500990531 /* LuckyFoolApp.swift in Sources */ = {isa = PBXBuildFile; fileRef = 4B5E0385285FCC2400990531 /* LuckyFoolApp.swift */; };
		4B5E03AF285FCC2500990531 /* ContentView.swift in Sources */ = {isa = PBXBuildFile; fileRef = 4B5E0386285FCC2400990531 /* ContentView.swift */; };
		4B5E03B0285FCC2500990531 /* ContentView.swift in Sources */ = {isa = PBXBuildFile; fileRef = 4B5E0386285FCC2400990531 /* ContentView.swift */; };
		4B5E03B1285FCC2500990531 /* Assets.xcassets in Resources */ = {isa = PBXBuildFile; fileRef = 4B5E0387285FCC2400990531 /* Assets.xcassets */; };
		4B5E03B2285FCC2500990531 /* Assets.xcassets in Resources */ = {isa = PBXBuildFile; fileRef = 4B5E0387285FCC2400990531 /* Assets.xcassets */; };
/* End PBXBuildFile section */

/* Begin PBXContainerItemProxy section */
		4B5E039A285FCC2500990531 /* PBXContainerItemProxy */ = {
			isa = PBXContainerItemProxy;
			containerPortal = 4B5E0380285FCC2300990531 /* Project object */;
			proxyType = 1;
			remoteGlobalIDString = 4B5E038B285FCC2400990531;
			remoteInfo = "LuckyFool (iOS)";
		};
		4B5E03A6285FCC2500990531 /* PBXContainerItemProxy */ = {
			isa = PBXContainerItemProxy;
			containerPortal = 4B5E0380285FCC2300990531 /* Project object */;
			proxyType = 1;
			remoteGlobalIDString = 4B5E0391285FCC2500990531;
			remoteInfo = "LuckyFool (macOS)";
		};
/* End PBXContainerItemProxy section */

/* Begin PBXFileReference section */
		4B5E0385285FCC2400990531 /* LuckyFoolApp.swift */ = {isa = PBXFileReference; lastKnownFileType = sourcecode.swift; path = LuckyFoolApp.swift; sourceTree = "<group>"; };
		4B5E0386285FCC2400990531 /* ContentView.swift */ = {isa = PBXFileReference; lastKnownFileType = sourcecode.swift; path = ContentView.swift; sourceTree = "<group>"; };
		4B5E0387285FCC2400990531 /* Assets.xcassets */ = {isa = PBXFileReference; lastKnownFileType = folder.assetcatalog; path = Assets.xcassets; sourceTree = "<group>"; };
		4B5E038C285FCC2400990531 /* LuckyFool.app */ = {isa = PBXFileReference; explicitFileType = wrapper.application; includeInIndex = 0; path = LuckyFool.app; sourceTree = BUILT_PRODUCTS_DIR; };
		4B5E0392285FCC2500990531 /* LuckyFool.app */ = {isa = PBXFileReference; explicitFileType = wrapper.application; includeInIndex = 0; path = LuckyFool.app; sourceTree = BUILT_PRODUCTS_DIR; };
		4B5E0394285FCC2500990531 /* macOS.entitlements */ = {isa = PBXFileReference; lastKnownFileType = text.plist.entitlements; path = macOS.entitlements; sourceTree = "<group>"; };
		4B5E0399285FCC2500990531 /* Tests iOS.xctest */ = {isa = PBXFileReference; explicitFileType = wrapper.cfbundle; includeInIndex = 0; path = "Tests iOS.xctest"; sourceTree = BUILT_PRODUCTS_DIR; };
		4B5E039D285FCC2500990531 /* Tests_iOS.swift */ = {isa = PBXFileReference; lastKnownFileType = sourcecode.swift; path = Tests_iOS.swift; sourceTree = "<group>"; };
		4B5E039F285FCC2500990531 /* Tests_iOSLaunchTests.swift */ = {isa = PBXFileReference; lastKnownFileType = sourcecode.swift; path = Tests_iOSLaunchTests.swift; sourceTree = "<group>"; };
		4B5E03A5285FCC2500990531 /* Tests macOS.xctest */ = {isa = PBXFileReference; explicitFileType = wrapper.cfbundle; includeInIndex = 0; path = "Tests macOS.xctest"; sourceTree = BUILT_PRODUCTS_DIR; };
		4B5E03A9285FCC2500990531 /* Tests_macOS.swift */ = {isa = PBXFileReference; lastKnownFileType = sourcecode.swift; path = Tests_macOS.swift; sourceTree = "<group>"; };
		4B5E03AB285FCC2500990531 /* Tests_macOSLaunchTests.swift */ = {isa = PBXFileReference; lastKnownFileType = sourcecode.swift; path = Tests_macOSLaunchTests.swift; sourceTree = "<group>"; };
/* End PBXFileReference section */

/* Begin PBXFrameworksBuildPhase section */
		4B5E0389285FCC2400990531 /* Frameworks */ = {
			isa = PBXFrameworksBuildPhase;
			buildActionMask = 2147483647;
			files = (
			);
			runOnlyForDeploymentPostprocessing = 0;
		};
		4B5E038F285FCC2500990531 /* Frameworks */ = {
			isa = PBXFrameworksBuildPhase;
			buildActionMask = 2147483647;
			files = (
			);
			runOnlyForDeploymentPostprocessing = 0;
		};
		4B5E0396285FCC2500990531 /* Frameworks */ = {
			isa = PBXFrameworksBuildPhase;
			buildActionMask = 2147483647;
			files = (
			);
			runOnlyForDeploymentPostprocessing = 0;
		};
		4B5E03A2285FCC2500990531 /* Frameworks */ = {
			isa = PBXFrameworksBuildPhase;
			buildActionMask = 2147483647;
			files = (
			);
			runOnlyForDeploymentPostprocessing = 0;
		};
/* End PBXFrameworksBuildPhase section */

/* Begin PBXGroup section */
		4B5E037F285FCC2300990531 = {
			isa = PBXGroup;
			children = (
				4B5E0384285FCC2400990531 /* Shared */,
				4B5E0393285FCC2500990531 /* macOS */,
				4B5E039C285FCC2500990531 /* Tests iOS */,
				4B5E03A8285FCC2500990531 /* Tests macOS */,
				4B5E038D285FCC2400990531 /* Products */,
			);
			sourceTree = "<group>";
		};
		4B5E0384285FCC2400990531 /* Shared */ = {
			isa = PBXGroup;
			children = (
				4B5E0385285FCC2400990531 /* LuckyFoolApp.swift */,
				4B5E0386285FCC2400990531 /* ContentView.swift */,
				4B5E0387285FCC2400990531 /* Assets.xcassets */,
			);
			path = Shared;
			sourceTree = "<group>";
		};
		4B5E038D285FCC2400990531 /* Products */ = {
			isa = PBXGroup;
			children = (
				4B5E038C285FCC2400990531 /* LuckyFool.app */,
				4B5E0392285FCC2500990531 /* LuckyFool.app */,
				4B5E0399285FCC2500990531 /* Tests iOS.xctest */,
				4B5E03A5285FCC2500990531 /* Tests macOS.xctest */,
			);
			name = Products;
			sourceTree = "<group>";
		};
		4B5E0393285FCC2500990531 /* macOS */ = {
			isa = PBXGroup;
			children = (
				4B5E0394285FCC2500990531 /* macOS.entitlements */,
			);
			path = macOS;
			sourceTree = "<group>";
		};
		4B5E039C285FCC2500990531 /* Tests iOS */ = {
			isa = PBXGroup;
			children = (
				4B5E039D285FCC2500990531 /* Tests_iOS.swift */,
				4B5E039F285FCC2500990531 /* Tests_iOSLaunchTests.swift */,
			);
			path = "Tests iOS";
			sourceTree = "<group>";
		};
		4B5E03A8285FCC2500990531 /* Tests macOS */ = {
			isa = PBXGroup;
			children = (
				4B5E03A9285FCC2500990531 /* Tests_macOS.swift */,
				4B5E03AB285FCC2500990531 /* Tests_macOSLaunchTests.swift */,
			);
			path = "Tests macOS";
			sourceTree = "<group>";
		};
/* End PBXGroup section */

/* Begin PBXNativeTarget section */
		4B5E038B285FCC2400990531 /* LuckyFool (iOS) */ = {
			isa = PBXNativeTarget;
			buildConfigurationList = 4B5E03B5285FCC2500990531 /* Build configuration list for PBXNativeTarget "LuckyFool (iOS)" */;
			buildPhases = (
				4B5E0388285FCC2400990531 /* Sources */,
				4B5E0389285FCC2400990531 /* Frameworks */,
				4B5E038A285FCC2400990531 /* Resources */,
			);
			buildRules = (
			);
			dependencies = (
			);
			name = "LuckyFool (iOS)";
			productName = "LuckyFool (iOS)";
			productReference = 4B5E038C285FCC2400990531 /* LuckyFool.app */;
			productType = "com.apple.product-type.application";
		};
		4B5E0391285FCC2500990531 /* LuckyFool (macOS) */ = {
			isa = PBXNativeTarget;
			buildConfigurationList = 4B5E03B8285FCC2500990531 /* Build configuration list for PBXNativeTarget "LuckyFool (macOS)" */;
			buildPhases = (
				4B5E038E285FCC2500990531 /* Sources */,
				4B5E038F285FCC2500990531 /* Frameworks */,
				4B5E0390285FCC2500990531 /* Resources */,
			);
			buildRules = (
			);
			dependencies = (
			);
			name = "LuckyFool (macOS)";
			productName = "LuckyFool (macOS)";
			productReference = 4B5E0392285FCC2500990531 /* LuckyFool.app */;
			productType = "com.apple.product-type.application";
		};
		4B5E0398285FCC2500990531 /* Tests iOS */ = {
			isa = PBXNativeTarget;
			buildConfigurationList = 4B5E03BB285FCC2500990531 /* Build configuration list for PBXNativeTarget "Tests iOS" */;
			buildPhases = (
				4B5E0395285FCC2500990531 /* Sources */,
				4B5E0396285FCC2500990531 /* Frameworks */,
				4B5E0397285FCC2500990531 /* Resources */,
			);
			buildRules = (
			);
			dependencies = (
				4B5E039B285FCC2500990531 /* PBXTargetDependency */,
			);
			name = "Tests iOS";
			productName = "Tests iOS";
			productReference = 4B5E0399285FCC2500990531 /* Tests iOS.xctest */;
			productType = "com.apple.product-type.bundle.ui-testing";
		};
		4B5E03A4285FCC2500990531 /* Tests macOS */ = {
			isa = PBXNativeTarget;
			buildConfigurationList = 4B5E03BE285FCC2500990531 /* Build configuration list for PBXNativeTarget "Tests macOS" */;
			buildPhases = (
				4B5E03A1285FCC2500990531 /* Sources */,
				4B5E03A2285FCC2500990531 /* Frameworks */,
				4B5E03A3285FCC2500990531 /* Resources */,
			);
			buildRules = (
			);
			dependencies = (
				4B5E03A7285FCC2500990531 /* PBXTargetDependency */,
			);
			name = "Tests macOS";
			productName = "Tests macOS";
			productReference = 4B5E03A5285FCC2500990531 /* Tests macOS.xctest */;
			productType = "com.apple.product-type.bundle.ui-testing";
		};
/* End PBXNativeTarget section */

/* Begin PBXProject section */
		4B5E0380285FCC2300990531 /* Project object */ = {
			isa = PBXProject;
			attributes = {
				BuildIndependentTargetsInParallel = 1;
				LastSwiftUpdateCheck = 1340;
				LastUpgradeCheck = 1340;
				TargetAttributes = {
					4B5E038B285FCC2400990531 = {
						CreatedOnToolsVersion = 13.4.1;
					};
					4B5E0391285FCC2500990531 = {
						CreatedOnToolsVersion = 13.4.1;
					};
					4B5E0398285FCC2500990531 = {
						CreatedOnToolsVersion = 13.4.1;
						TestTargetID = 4B5E038B285FCC2400990531;
					};
					4B5E03A4285FCC2500990531 = {
						CreatedOnToolsVersion = 13.4.1;
						TestTargetID = 4B5E0391285FCC2500990531;
					};
				};
			};
			buildConfigurationList = 4B5E0383285FCC2300990531 /* Build configuration list for PBXProject "LuckyFool" */;
			compatibilityVersion = "Xcode 13.0";
			developmentRegion = en;
			hasScannedForEncodings = 0;
			knownRegions = (
				en,
				Base,
			);
			mainGroup = 4B5E037F285FCC2300990531;
			productRefGroup = 4B5E038D285FCC2400990531 /* Products */;
			projectDirPath = "";
			projectRoot = "";
			targets = (
				4B5E038B285FCC2400990531 /* LuckyFool (iOS) */,
				4B5E0391285FCC2500990531 /* LuckyFool (macOS) */,
				4B5E0398285FCC2500990531 /* Tests iOS */,
				4B5E03A4285FCC2500990531 /* Tests macOS */,
			);
		};
/* End PBXProject section */

/* Begin PBXResourcesBuildPhase section */
		4B5E038A285FCC2400990531 /* Resources */ = {
			isa = PBXResourcesBuildPhase;
			buildActionMask = 2147483647;
			files = (
				4B5E03B1285FCC2500990531 /* Assets.xcassets in Resources */,
			);
			runOnlyForDeploymentPostprocessing = 0;
		};
		4B5E0390285FCC2500990531 /* Resources */ = {
			isa = PBXResourcesBuildPhase;
			buildActionMask = 2147483647;
			files = (
				4B5E03B2285FCC2500990531 /* Assets.xcassets in Resources */,
			);
			runOnlyForDeploymentPostprocessing = 0;
		};
		4B5E0397285FCC2500990531 /* Resources */ = {
			isa = PBXResourcesBuildPhase;
			buildActionMask = 2147483647;
			files = (
			);
			runOnlyForDeploymentPostprocessing = 0;
		};
		4B5E03A3285FCC2500990531 /* Resources */ = {
			isa = PBXResourcesBuildPhase;
			buildActionMask = 2147483647;
			files = (
			);
			runOnlyForDeploymentPostprocessing = 0;
		};
/* End PBXResourcesBuildPhase section */

/* Begin PBXSourcesBuildPhase section */
		4B5E0388285FCC2400990531 /* Sources */ = {
			isa = PBXSourcesBuildPhase;
			buildActionMask = 2147483647;
			files = (
				4B5E03AF285FCC2500990531 /* ContentView.swift in Sources */,
				4B5E03AD285FCC2500990531 /* LuckyFoolApp.swift in Sources */,
			);
			runOnlyForDeploymentPostprocessing = 0;
		};
		4B5E038E285FCC2500990531 /* Sources */ = {
			isa = PBXSourcesBuildPhase;
			buildActionMask = 2147483647;
			files = (
				4B5E03B0285FCC2500990531 /* ContentView.swift in Sources */,
				4B5E03AE285FCC2500990531 /* LuckyFoolApp.swift in Sources */,
			);
			runOnlyForDeploymentPostprocessing = 0;
		};
		4B5E0395285FCC2500990531 /* Sources */ = {
			isa = PBXSourcesBuildPhase;
			buildActionMask = 2147483647;
			files = (
				4B5E03A0285FCC2500990531 /* Tests_iOSLaunchTests.swift in Sources */,
				4B5E039E285FCC2500990531 /* Tests_iOS.swift in Sources */,
			);
			runOnlyForDeploymentPostprocessing = 0;
		};
		4B5E03A1285FCC2500990531 /* Sources */ = {
			isa = PBXSourcesBuildPhase;
			buildActionMask = 2147483647;
			files = (
				4B5E03AC285FCC2500990531 /* Tests_macOSLaunchTests.swift in Sources */,
				4B5E03AA285FCC2500990531 /* Tests_macOS.swift in Sources */,
			);
			runOnlyForDeploymentPostprocessing = 0;
		};
/* End PBXSourcesBuildPhase section */

/* Begin PBXTargetDependency section */
		4B5E039B285FCC2500990531 /* PBXTargetDependency */ = {
			isa = PBXTargetDependency;
			target = 4B5E038B285FCC2400990531 /* LuckyFool (iOS) */;
			targetProxy = 4B5E039A285FCC2500990531 /* PBXContainerItemProxy */;
		};
		4B5E03A7285FCC2500990531 /* PBXTargetDependency */ = {
			isa = PBXTargetDependency;
			target = 4B5E0391285FCC2500990531 /* LuckyFool (macOS) */;
			targetProxy = 4B5E03A6285FCC2500990531 /* PBXContainerItemProxy */;
		};
/* End PBXTargetDependency section */

/* Begin XCBuildConfiguration section */
		4B5E03B3285FCC2500990531 /* Debug */ = {
			isa = XCBuildConfiguration;
			buildSettings = {
				ALWAYS_SEARCH_USER_PATHS = NO;
				CLANG_ANALYZER_NONNULL = YES;
				CLANG_ANALYZER_NUMBER_OBJECT_CONVERSION = YES_AGGRESSIVE;
				CLANG_CXX_LANGUAGE_STANDARD = "gnu++17";
				CLANG_ENABLE_MODULES = YES;
				CLANG_ENABLE_OBJC_ARC = YES;
				CLANG_ENABLE_OBJC_WEAK = YES;
				CLANG_WARN_BLOCK_CAPTURE_AUTORELEASING = YES;
				CLANG_WARN_BOOL_CONVERSION = YES;
				CLANG_WARN_COMMA = YES;
				CLANG_WARN_CONSTANT_CONVERSION = YES;
				CLANG_WARN_DEPRECATED_OBJC_IMPLEMENTATIONS = YES;
				CLANG_WARN_DIRECT_OBJC_ISA_USAGE = YES_ERROR;
				CLANG_WARN_DOCUMENTATION_COMMENTS = YES;
				CLANG_WARN_EMPTY_BODY = YES;
				CLANG_WARN_ENUM_CONVERSION = YES;
				CLANG_WARN_INFINITE_RECURSION = YES;
				CLANG_WARN_INT_CONVERSION = YES;
				CLANG_WARN_NON_LITERAL_NULL_CONVERSION = YES;
				CLANG_WARN_OBJC_IMPLICIT_RETAIN_SELF = YES;
				CLANG_WARN_OBJC_LITERAL_CONVERSION = YES;
				CLANG_WARN_OBJC_ROOT_CLASS = YES_ERROR;
				CLANG_WARN_QUOTED_INCLUDE_IN_FRAMEWORK_HEADER = YES;
				CLANG_WARN_RANGE_LOOP_ANALYSIS = YES;
				CLANG_WARN_STRICT_PROTOTYPES = YES;
				CLANG_WARN_SUSPICIOUS_MOVE = YES;
				CLANG_WARN_UNGUARDED_AVAILABILITY = YES_AGGRESSIVE;
				CLANG_WARN_UNREACHABLE_CODE = YES;
				CLANG_WARN__DUPLICATE_METHOD_MATCH = YES;
				COPY_PHASE_STRIP = NO;
				DEBUG_INFORMATION_FORMAT = dwarf;
				ENABLE_STRICT_OBJC_MSGSEND = YES;
				ENABLE_TESTABILITY = YES;
				GCC_C_LANGUAGE_STANDARD = gnu11;
				GCC_DYNAMIC_NO_PIC = NO;
				GCC_NO_COMMON_BLOCKS = YES;
				GCC_OPTIMIZATION_LEVEL = 0;
				GCC_PREPROCESSOR_DEFINITIONS = (
					"DEBUG=1",
					"$(inherited)",
				);
				GCC_WARN_64_TO_32_BIT_CONVERSION = YES;
				GCC_WARN_ABOUT_RETURN_TYPE = YES_ERROR;
				GCC_WARN_UNDECLARED_SELECTOR = YES;
				GCC_WARN_UNINITIALIZED_AUTOS = YES_AGGRESSIVE;
				GCC_WARN_UNUSED_FUNCTION = YES;
				GCC_WARN_UNUSED_VARIABLE = YES;
				MTL_ENABLE_DEBUG_INFO = INCLUDE_SOURCE;
				MTL_FAST_MATH = YES;
				ONLY_ACTIVE_ARCH = YES;
				SWIFT_ACTIVE_COMPILATION_CONDITIONS = DEBUG;
				SWIFT_OPTIMIZATION_LEVEL = "-Onone";
			};
			name = Debug;
		};
		4B5E03B4285FCC2500990531 /* Release */ = {
			isa = XCBuildConfiguration;
			buildSettings = {
				ALWAYS_SEARCH_USER_PATHS = NO;
				CLANG_ANALYZER_NONNULL = YES;
				CLANG_ANALYZER_NUMBER_OBJECT_CONVERSION = YES_AGGRESSIVE;
				CLANG_CXX_LANGUAGE_STANDARD = "gnu++17";
				CLANG_ENABLE_MODULES = YES;
				CLANG_ENABLE_OBJC_ARC = YES;
				CLANG_ENABLE_OBJC_WEAK = YES;
				CLANG_WARN_BLOCK_CAPTURE_AUTORELEASING = YES;
				CLANG_WARN_BOOL_CONVERSION = YES;
				CLANG_WARN_COMMA = YES;
				CLANG_WARN_CONSTANT_CONVERSION = YES;
				CLANG_WARN_DEPRECATED_OBJC_IMPLEMENTATIONS = YES;
				CLANG_WARN_DIRECT_OBJC_ISA_USAGE = YES_ERROR;
				CLANG_WARN_DOCUMENTATION_COMMENTS = YES;
				CLANG_WARN_EMPTY_BODY = YES;
				CLANG_WARN_ENUM_CONVERSION = YES;
				CLANG_WARN_INFINITE_RECURSION = YES;
				CLANG_WARN_INT_CONVERSION = YES;
				CLANG_WARN_NON_LITERAL_NULL_CONVERSION = YES;
				CLANG_WARN_OBJC_IMPLICIT_RETAIN_SELF = YES;
				CLANG_WARN_OBJC_LITERAL_CONVERSION = YES;
				CLANG_WARN_OBJC_ROOT_CLASS = YES_ERROR;
				CLANG_WARN_QUOTED_INCLUDE_IN_FRAMEWORK_HEADER = YES;
				CLANG_WARN_RANGE_LOOP_ANALYSIS = YES;
				CLANG_WARN_STRICT_PROTOTYPES = YES;
				CLANG_WARN_SUSPICIOUS_MOVE = YES;
				CLANG_WARN_UNGUARDED_AVAILABILITY = YES_AGGRESSIVE;
				CLANG_WARN_UNREACHABLE_CODE = YES;
				CLANG_WARN__DUPLICATE_METHOD_MATCH = YES;
				COPY_PHASE_STRIP = NO;
				DEBUG_INFORMATION_FORMAT = "dwarf-with-dsym";
				ENABLE_NS_ASSERTIONS = NO;
				ENABLE_STRICT_OBJC_MSGSEND = YES;
				GCC_C_LANGUAGE_STANDARD = gnu11;
				GCC_NO_COMMON_BLOCKS = YES;
				GCC_WARN_64_TO_32_BIT_CONVERSION = YES;
				GCC_WARN_ABOUT_RETURN_TYPE = YES_ERROR;
				GCC_WARN_UNDECLARED_SELECTOR = YES;
				GCC_WARN_UNINITIALIZED_AUTOS = YES_AGGRESSIVE;
				GCC_WARN_UNUSED_FUNCTION = YES;
				GCC_WARN_UNUSED_VARIABLE = YES;
				MTL_ENABLE_DEBUG_INFO = NO;
				MTL_FAST_MATH = YES;
				SWIFT_COMPILATION_MODE = wholemodule;
				SWIFT_OPTIMIZATION_LEVEL = "-O";
			};
			name = Release;
		};
		4B5E03B6285FCC2500990531 /* Debug */ = {
			isa = XCBuildConfiguration;
			buildSettings = {
				ASSETCATALOG_COMPILER_APPICON_NAME = AppIcon;
				ASSETCATALOG_COMPILER_GLOBAL_ACCENT_COLOR_NAME = AccentColor;
				CODE_SIGN_STYLE = Automatic;
				CURRENT_PROJECT_VERSION = 1;
				DEVELOPMENT_TEAM = ZAY3HZ6DTU;
				ENABLE_PREVIEWS = YES;
				GENERATE_INFOPLIST_FILE = YES;
				INFOPLIST_KEY_UIApplicationSceneManifest_Generation = YES;
				INFOPLIST_KEY_UIApplicationSupportsIndirectInputEvents = YES;
				INFOPLIST_KEY_UILaunchScreen_Generation = YES;
				INFOPLIST_KEY_UISupportedInterfaceOrientations_iPad = "UIInterfaceOrientationPortrait UIInterfaceOrientationPortraitUpsideDown UIInterfaceOrientationLandscapeLeft UIInterfaceOrientationLandscapeRight";
				INFOPLIST_KEY_UISupportedInterfaceOrientations_iPhone = "UIInterfaceOrientationPortrait UIInterfaceOrientationLandscapeLeft UIInterfaceOrientationLandscapeRight";
				IPHONEOS_DEPLOYMENT_TARGET = 15.5;
				LD_RUNPATH_SEARCH_PATHS = (
					"$(inherited)",
					"@executable_path/Frameworks",
				);
				MARKETING_VERSION = 1.0;
				PRODUCT_BUNDLE_IDENTIFIER = AppsByImantium.LuckyFool;
				PRODUCT_NAME = LuckyFool;
				SDKROOT = iphoneos;
				SWIFT_EMIT_LOC_STRINGS = YES;
				SWIFT_VERSION = 5.0;
				TARGETED_DEVICE_FAMILY = "1,2";
			};
			name = Debug;
		};
		4B5E03B7285FCC2500990531 /* Release */ = {
			isa = XCBuildConfiguration;
			buildSettings = {
				ASSETCATALOG_COMPILER_APPICON_NAME = AppIcon;
				ASSETCATALOG_COMPILER_GLOBAL_ACCENT_COLOR_NAME = AccentColor;
				CODE_SIGN_STYLE = Automatic;
				CURRENT_PROJECT_VERSION = 1;
				DEVELOPMENT_TEAM = ZAY3HZ6DTU;
				ENABLE_PREVIEWS = YES;
				GENERATE_INFOPLIST_FILE = YES;
				INFOPLIST_KEY_UIApplicationSceneManifest_Generation = YES;
				INFOPLIST_KEY_UIApplicationSupportsIndirectInputEvents = YES;
				INFOPLIST_KEY_UILaunchScreen_Generation = YES;
				INFOPLIST_KEY_UISupportedInterfaceOrientations_iPad = "UIInterfaceOrientationPortrait UIInterfaceOrientationPortraitUpsideDown UIInterfaceOrientationLandscapeLeft UIInterfaceOrientationLandscapeRight";
				INFOPLIST_KEY_UISupportedInterfaceOrientations_iPhone = "UIInterfaceOrientationPortrait UIInterfaceOrientationLandscapeLeft UIInterfaceOrientationLandscapeRight";
				IPHONEOS_DEPLOYMENT_TARGET = 15.5;
				LD_RUNPATH_SEARCH_PATHS = (
					"$(inherited)",
					"@executable_path/Frameworks",
				);
				MARKETING_VERSION = 1.0;
				PRODUCT_BUNDLE_IDENTIFIER = AppsByImantium.LuckyFool;
				PRODUCT_NAME = LuckyFool;
				SDKROOT = iphoneos;
				SWIFT_EMIT_LOC_STRINGS = YES;
				SWIFT_VERSION = 5.0;
				TARGETED_DEVICE_FAMILY = "1,2";
				VALIDATE_PRODUCT = YES;
			};
			name = Release;
		};
		4B5E03B9285FCC2500990531 /* Debug */ = {
			isa = XCBuildConfiguration;
			buildSettings = {
				ASSETCATALOG_COMPILER_APPICON_NAME = AppIcon;
				ASSETCATALOG_COMPILER_GLOBAL_ACCENT_COLOR_NAME = AccentColor;
				CODE_SIGN_ENTITLEMENTS = macOS/macOS.entitlements;
				CODE_SIGN_STYLE = Automatic;
				COMBINE_HIDPI_IMAGES = YES;
				CURRENT_PROJECT_VERSION = 1;
				DEVELOPMENT_TEAM = ZAY3HZ6DTU;
				ENABLE_HARDENED_RUNTIME = YES;
				ENABLE_PREVIEWS = YES;
				GENERATE_INFOPLIST_FILE = YES;
				INFOPLIST_KEY_NSHumanReadableCopyright = "";
				LD_RUNPATH_SEARCH_PATHS = (
					"$(inherited)",
					"@executable_path/../Frameworks",
				);
				MACOSX_DEPLOYMENT_TARGET = 12.3;
				MARKETING_VERSION = 1.0;
				PRODUCT_BUNDLE_IDENTIFIER = AppsByImantium.LuckyFool;
				PRODUCT_NAME = LuckyFool;
				SDKROOT = macosx;
				SWIFT_EMIT_LOC_STRINGS = YES;
				SWIFT_VERSION = 5.0;
			};
			name = Debug;
		};
		4B5E03BA285FCC2500990531 /* Release */ = {
			isa = XCBuildConfiguration;
			buildSettings = {
				ASSETCATALOG_COMPILER_APPICON_NAME = AppIcon;
				ASSETCATALOG_COMPILER_GLOBAL_ACCENT_COLOR_NAME = AccentColor;
				CODE_SIGN_ENTITLEMENTS = macOS/macOS.entitlements;
				CODE_SIGN_STYLE = Automatic;
				COMBINE_HIDPI_IMAGES = YES;
				CURRENT_PROJECT_VERSION = 1;
				DEVELOPMENT_TEAM = ZAY3HZ6DTU;
				ENABLE_HARDENED_RUNTIME = YES;
				ENABLE_PREVIEWS = YES;
				GENERATE_INFOPLIST_FILE = YES;
				INFOPLIST_KEY_NSHumanReadableCopyright = "";
				LD_RUNPATH_SEARCH_PATHS = (
					"$(inherited)",
					"@executable_path/../Frameworks",
				);
				MACOSX_DEPLOYMENT_TARGET = 12.3;
				MARKETING_VERSION = 1.0;
				PRODUCT_BUNDLE_IDENTIFIER = AppsByImantium.LuckyFool;
				PRODUCT_NAME = LuckyFool;
				SDKROOT = macosx;
				SWIFT_EMIT_LOC_STRINGS = YES;
				SWIFT_VERSION = 5.0;
			};
			name = Release;
		};
		4B5E03BC285FCC2500990531 /* Debug */ = {
			isa = XCBuildConfiguration;
			buildSettings = {
				ALWAYS_EMBED_SWIFT_STANDARD_LIBRARIES = YES;
				CODE_SIGN_STYLE = Automatic;
				CURRENT_PROJECT_VERSION = 1;
				DEVELOPMENT_TEAM = ZAY3HZ6DTU;
				GENERATE_INFOPLIST_FILE = YES;
				IPHONEOS_DEPLOYMENT_TARGET = 15.5;
				MARKETING_VERSION = 1.0;
				PRODUCT_BUNDLE_IDENTIFIER = "AppsByImantium.Tests-iOS";
				PRODUCT_NAME = "$(TARGET_NAME)";
				SDKROOT = iphoneos;
				SWIFT_EMIT_LOC_STRINGS = NO;
				SWIFT_VERSION = 5.0;
				TARGETED_DEVICE_FAMILY = "1,2";
				TEST_TARGET_NAME = "LuckyFool (iOS)";
			};
			name = Debug;
		};
		4B5E03BD285FCC2500990531 /* Release */ = {
			isa = XCBuildConfiguration;
			buildSettings = {
				ALWAYS_EMBED_SWIFT_STANDARD_LIBRARIES = YES;
				CODE_SIGN_STYLE = Automatic;
				CURRENT_PROJECT_VERSION = 1;
				DEVELOPMENT_TEAM = ZAY3HZ6DTU;
				GENERATE_INFOPLIST_FILE = YES;
				IPHONEOS_DEPLOYMENT_TARGET = 15.5;
				MARKETING_VERSION = 1.0;
				PRODUCT_BUNDLE_IDENTIFIER = "AppsByImantium.Tests-iOS";
				PRODUCT_NAME = "$(TARGET_NAME)";
				SDKROOT = iphoneos;
				SWIFT_EMIT_LOC_STRINGS = NO;
				SWIFT_VERSION = 5.0;
				TARGETED_DEVICE_FAMILY = "1,2";
				TEST_TARGET_NAME = "LuckyFool (iOS)";
				VALIDATE_PRODUCT = YES;
			};
			name = Release;
		};
		4B5E03BF285FCC2500990531 /* Debug */ = {
			isa = XCBuildConfiguration;
			buildSettings = {
				ALWAYS_EMBED_SWIFT_STANDARD_LIBRARIES = YES;
				CODE_SIGN_STYLE = Automatic;
				CURRENT_PROJECT_VERSION = 1;
				DEVELOPMENT_TEAM = ZAY3HZ6DTU;
				GENERATE_INFOPLIST_FILE = YES;
				MACOSX_DEPLOYMENT_TARGET = 12.3;
				MARKETING_VERSION = 1.0;
				PRODUCT_BUNDLE_IDENTIFIER = "AppsByImantium.Tests-macOS";
				PRODUCT_NAME = "$(TARGET_NAME)";
				SDKROOT = macosx;
				SWIFT_EMIT_LOC_STRINGS = NO;
				SWIFT_VERSION = 5.0;
				TEST_TARGET_NAME = "LuckyFool (macOS)";
			};
			name = Debug;
		};
		4B5E03C0285FCC2500990531 /* Release */ = {
			isa = XCBuildConfiguration;
			buildSettings = {
				ALWAYS_EMBED_SWIFT_STANDARD_LIBRARIES = YES;
				CODE_SIGN_STYLE = Automatic;
				CURRENT_PROJECT_VERSION = 1;
				DEVELOPMENT_TEAM = ZAY3HZ6DTU;
				GENERATE_INFOPLIST_FILE = YES;
				MACOSX_DEPLOYMENT_TARGET = 12.3;
				MARKETING_VERSION = 1.0;
				PRODUCT_BUNDLE_IDENTIFIER = "AppsByImantium.Tests-macOS";
				PRODUCT_NAME = "$(TARGET_NAME)";
				SDKROOT = macosx;
				SWIFT_EMIT_LOC_STRINGS = NO;
				SWIFT_VERSION = 5.0;
				TEST_TARGET_NAME = "LuckyFool (macOS)";
			};
			name = Release;
		};
/* End XCBuildConfiguration section */

/* Begin XCConfigurationList section */
		4B5E0383285FCC2300990531 /* Build configuration list for PBXProject "LuckyFool" */ = {
			isa = XCConfigurationList;
			buildConfigurations = (
				4B5E03B3285FCC2500990531 /* Debug */,
				4B5E03B4285FCC2500990531 /* Release */,
			);
			defaultConfigurationIsVisible = 0;
			defaultConfigurationName = Release;
		};
		4B5E03B5285FCC2500990531 /* Build configuration list for PBXNativeTarget "LuckyFool (iOS)" */ = {
			isa = XCConfigurationList;
			buildConfigurations = (
				4B5E03B6285FCC2500990531 /* Debug */,
				4B5E03B7285FCC2500990531 /* Release */,
			);
			defaultConfigurationIsVisible = 0;
			defaultConfigurationName = Release;
		};
		4B5E03B8285FCC2500990531 /* Build configuration list for PBXNativeTarget "LuckyFool (macOS)" */ = {
			isa = XCConfigurationList;
			buildConfigurations = (
				4B5E03B9285FCC2500990531 /* Debug */,
				4B5E03BA285FCC2500990531 /* Release */,
			);
			defaultConfigurationIsVisible = 0;
			defaultConfigurationName = Release;
		};
		4B5E03BB285FCC2500990531 /* Build configuration list for PBXNativeTarget "Tests iOS" */ = {
			isa = XCConfigurationList;
			buildConfigurations = (
				4B5E03BC285FCC2500990531 /* Debug */,
				4B5E03BD285FCC2500990531 /* Release */,
			);
			defaultConfigurationIsVisible = 0;
			defaultConfigurationName = Release;
		};
		4B5E03BE285FCC2500990531 /* Build configuration list for PBXNativeTarget "Tests macOS" */ = {
			isa = XCConfigurationList;
			buildConfigurations = (
				4B5E03BF285FCC2500990531 /* Debug */,
				4B5E03C0285FCC2500990531 /* Release */,
			);
			defaultConfigurationIsVisible = 0;
			defaultConfigurationName = Release;
		};
/* End XCConfigurationList section */
	};
	rootObject = 4B5E0380285FCC2300990531 /* Project object */;
}
